
Microsoft Visual Studio Solution File, Format Version 12.00
# Visual Studio Version 17
VisualStudioVersion = 17.8.34525.116
MinimumVisualStudioVersion = 10.0.40219.1
Project("{FAE04EC0-301F-11D3-BF4B-00C04F79EFBC}") = "lab19 (1)", "lab19 (1)\lab19 (1).csproj", "{CA0CA14B-3352-41AE-ACDC-BE2588F51FDC}"
EndProject
Global
	GlobalSection(SolutionConfigurationPlatforms) = preSolution
		Debug|Any CPU = Debug|Any CPU
		Release|Any CPU = Release|Any CPU
	EndGlobalSection
	GlobalSection(ProjectConfigurationPlatforms) = postSolution
		{CA0CA14B-3352-41AE-ACDC-BE2588F51FDC}.Debug|Any CPU.ActiveCfg = Debug|Any CPU
		{CA0CA14B-3352-41AE-ACDC-BE2588F51FDC}.Debug|Any CPU.Build.0 = Debug|Any CPU
		{CA0CA14B-3352-41AE-ACDC-BE2588F51FDC}.Release|Any CPU.ActiveCfg = Release|Any CPU
		{CA0CA14B-3352-41AE-ACDC-BE2588F51FDC}.Release|Any CPU.Build.0 = Release|Any CPU
	EndGlobalSection
	GlobalSection(SolutionProperties) = preSolution
		HideSolutionNode = FALSE
	EndGlobalSection
	GlobalSection(ExtensibilityGlobals) = postSolution
		SolutionGuid = {6BCD8197-B07B-4747-A503-EAB52F5913DB}
	EndGlobalSection
EndGlobal
